# This file is automatically @generated by Cargo.
# It is not intended for manual editing.
version = 3

[[package]]
name = "allocator-api2"
version = "0.2.21"
source = "registry+https://github.com/rust-lang/crates.io-index"
checksum = "683d7910e743518b0e34f1186f92494becacb047c7b6bf616c96772180fef923"

[[package]]
name = "ansi_term"
version = "0.12.1"
source = "registry+https://github.com/rust-lang/crates.io-index"
checksum = "d52a9bb7ec0cf484c551830a7ce27bd20d67eac647e1befb56b0be4ee39a55d2"
dependencies = [
 "winapi",
]

[[package]]
name = "anyhow"
version = "1.0.98"
source = "registry+https://github.com/rust-lang/crates.io-index"
checksum = "e16d2d3311acee920a9eb8d33b8cbc1787ce4a264e85f964c2404b969bdcd487"

[[package]]
name = "arbitrary"
version = "1.4.1"
source = "registry+https://github.com/rust-lang/crates.io-index"
checksum = "dde20b3d026af13f561bdd0f15edf01fc734f0dafcedbaf42bba506a9517f223"

[[package]]
name = "atty"
version = "0.2.14"
source = "registry+https://github.com/rust-lang/crates.io-index"
checksum = "d9b39be18770d11421cdb1b9947a45dd3f37e93092cbf377614828a319d5fee8"
dependencies = [
 "hermit-abi",
 "libc",
 "winapi",
]

[[package]]
name = "autocfg"
version = "1.1.0"
source = "registry+https://github.com/rust-lang/crates.io-index"
checksum = "d468802bab17cbc0cc575e9b053f41e72aa36bfa6b7f55e3529ffa43161b97fa"

[[package]]
name = "bitflags"
version = "1.3.2"
source = "registry+https://github.com/rust-lang/crates.io-index"
checksum = "bef38d45163c2f1dde094a7dfd33ccf595c92905c8f8f4fdc18d06fb1037718a"

[[package]]
name = "bumpalo"
version = "3.17.0"
source = "registry+https://github.com/rust-lang/crates.io-index"
checksum = "1628fb46dfa0b37568d12e5edd512553eccf6a22a78e8bde00bb4aed84d5bdbf"
dependencies = [
 "allocator-api2",
]

[[package]]
name = "cell-script"
version = "0.1.0"
dependencies = [
 "anyhow",
 "clap",
 "cranelift",
 "cranelift-codegen",
 "cranelift-frontend",
 "cranelift-jit",
 "cranelift-module",
 "cranelift-native",
 "indexmap 2.9.0",
 "itertools",
 "pretty_assertions",
 "rand",
 "rayon",
 "serde",
 "serde_json",
]

[[package]]
name = "cfg-if"
version = "1.0.0"
source = "registry+https://github.com/rust-lang/crates.io-index"
checksum = "baf1de4339761588bc0619e3cbc0120ee582ebb74b53b4efbf79117bd2da40fd"

[[package]]
name = "clap"
version = "3.1.8"
source = "registry+https://github.com/rust-lang/crates.io-index"
checksum = "71c47df61d9e16dc010b55dba1952a57d8c215dbb533fd13cdd13369aac73b1c"
dependencies = [
 "atty",
 "bitflags",
 "clap_derive",
 "indexmap 1.8.1",
 "lazy_static",
 "os_str_bytes",
 "strsim",
 "termcolor",
 "textwrap",
]

[[package]]
name = "clap_derive"
version = "3.1.7"
source = "registry+https://github.com/rust-lang/crates.io-index"
checksum = "a3aab4734e083b809aaf5794e14e756d1c798d2c69c7f7de7a09a2f5214993c1"
dependencies = [
 "heck",
 "proc-macro-error",
 "proc-macro2",
 "quote",
 "syn 1.0.91",
]

[[package]]
name = "cranelift"
version = "0.117.2"
source = "registry+https://github.com/rust-lang/crates.io-index"
checksum = "e3f447f063d1107cb3f1677402c61d4f4b76ce7bc49ed6b8325d4bc747ca40a1"
dependencies = [
 "cranelift-codegen",
 "cranelift-frontend",
 "cranelift-module",
]

[[package]]
name = "cranelift-assembler-x64"
version = "0.117.2"
source = "registry+https://github.com/rust-lang/crates.io-index"
checksum = "d2b83fcf2fc1c8954561490d02079b496fd0c757da88129981e15bfe3a548229"
dependencies = [
 "cranelift-assembler-x64-meta",
]

[[package]]
name = "cranelift-assembler-x64-meta"
version = "0.117.2"
source = "registry+https://github.com/rust-lang/crates.io-index"
checksum = "c7496a6e92b5cee48c5d772b0443df58816dee30fed6ba19b2a28e78037ecedf"

[[package]]
name = "cranelift-bforest"
version = "0.117.2"
source = "registry+https://github.com/rust-lang/crates.io-index"
checksum = "73a9dc0a8d3d49ee772101924968830f1c1937d650c571d3c2dd69dc36a68f41"
dependencies = [
 "cranelift-entity",
]

[[package]]
name = "cranelift-bitset"
version = "0.117.2"
source = "registry+https://github.com/rust-lang/crates.io-index"
checksum = "573c641174c40ef31021ae4a5a3ad78974e280633502d0dfc6e362385e0c100f"

[[package]]
name = "cranelift-codegen"
version = "0.117.2"
source = "registry+https://github.com/rust-lang/crates.io-index"
checksum = "2d7c94d572615156f2db682181cadbd96342892c31e08cc26a757344319a9220"
dependencies = [
 "bumpalo",
 "cranelift-assembler-x64",
 "cranelift-bforest",
 "cranelift-bitset",
 "cranelift-codegen-meta",
 "cranelift-codegen-shared",
 "cranelift-control",
 "cranelift-entity",
 "cranelift-isle",
 "gimli",
 "hashbrown 0.15.2",
 "log",
 "regalloc2",
 "rustc-hash",
 "serde",
 "smallvec",
 "target-lexicon",
]

[[package]]
name = "cranelift-codegen-meta"
version = "0.117.2"
source = "registry+https://github.com/rust-lang/crates.io-index"
checksum = "beecd9fcf2c3e06da436d565de61a42676097ea6eb6b4499346ac6264b6bb9ce"
dependencies = [
 "cranelift-assembler-x64",
 "cranelift-codegen-shared",
]

[[package]]
name = "cranelift-codegen-shared"
version = "0.117.2"
source = "registry+https://github.com/rust-lang/crates.io-index"
checksum = "0f4ff8d2e1235f2d6e7fc3c6738be6954ba972cd295f09079ebffeca2f864e22"

[[package]]
name = "cranelift-control"
version = "0.117.2"
source = "registry+https://github.com/rust-lang/crates.io-index"
checksum = "001312e9fbc7d9ca9517474d6fe71e29d07e52997fd7efe18f19e8836446ceb2"
dependencies = [
 "arbitrary",
]

[[package]]
name = "cranelift-entity"
version = "0.117.2"
source = "registry+https://github.com/rust-lang/crates.io-index"
checksum = "eb0fd6d4aae680275fcbceb08683416b744e65c8b607352043d3f0951d72b3b2"
dependencies = [
 "cranelift-bitset",
]

[[package]]
name = "cranelift-frontend"
version = "0.117.2"
source = "registry+https://github.com/rust-lang/crates.io-index"
checksum = "9fd44e7e5dcea20ca104d45894748205c51365ce4cdb18f4418e3ba955971d1b"
dependencies = [
 "cranelift-codegen",
 "log",
 "smallvec",
 "target-lexicon",
]

[[package]]
name = "cranelift-isle"
version = "0.117.2"
source = "registry+https://github.com/rust-lang/crates.io-index"
checksum = "f900e0a3847d51eed0321f0777947fb852ccfce0da7fb070100357f69a2f37fc"

[[package]]
name = "cranelift-jit"
version = "0.117.2"
source = "registry+https://github.com/rust-lang/crates.io-index"
checksum = "55e37088dec72b7819f980558faaba9215d248fec4a2c3b89357b474f9e46f21"
dependencies = [
 "anyhow",
 "cranelift-codegen",
 "cranelift-control",
 "cranelift-entity",
 "cranelift-module",
 "cranelift-native",
 "libc",
 "log",
 "region",
 "target-lexicon",
 "wasmtime-jit-icache-coherence",
 "windows-sys 0.59.0",
]

[[package]]
name = "cranelift-module"
version = "0.117.2"
source = "registry+https://github.com/rust-lang/crates.io-index"
checksum = "e9c3d728819ff644e8613d808378cbfed54fef464790f32e62079e638639eeff"
dependencies = [
 "anyhow",
 "cranelift-codegen",
 "cranelift-control",
]

[[package]]
name = "cranelift-native"
version = "0.117.2"
source = "registry+https://github.com/rust-lang/crates.io-index"
checksum = "7617f13f392ebb63c5126258aca8b8eca739636ca7e4eeee301d3eff68489a6a"
dependencies = [
 "cranelift-codegen",
 "libc",
 "target-lexicon",
]

[[package]]
name = "crossbeam-channel"
version = "0.5.4"
source = "registry+https://github.com/rust-lang/crates.io-index"
checksum = "5aaa7bd5fb665c6864b5f963dd9097905c54125909c7aa94c9e18507cdbe6c53"
dependencies = [
 "cfg-if",
 "crossbeam-utils",
]

[[package]]
name = "crossbeam-deque"
version = "0.8.1"
source = "registry+https://github.com/rust-lang/crates.io-index"
checksum = "6455c0ca19f0d2fbf751b908d5c55c1f5cbc65e03c4225427254b46890bdde1e"
dependencies = [
 "cfg-if",
 "crossbeam-epoch",
 "crossbeam-utils",
]

[[package]]
name = "crossbeam-epoch"
version = "0.9.8"
source = "registry+https://github.com/rust-lang/crates.io-index"
checksum = "1145cf131a2c6ba0615079ab6a638f7e1973ac9c2634fcbeaaad6114246efe8c"
dependencies = [
 "autocfg",
 "cfg-if",
 "crossbeam-utils",
 "lazy_static",
 "memoffset",
 "scopeguard",
]

[[package]]
name = "crossbeam-utils"
version = "0.8.8"
source = "registry+https://github.com/rust-lang/crates.io-index"
checksum = "0bf124c720b7686e3c2663cf54062ab0f68a88af2fb6a030e87e30bf721fcb38"
dependencies = [
 "cfg-if",
 "lazy_static",
]

[[package]]
name = "ctor"
version = "0.1.22"
source = "registry+https://github.com/rust-lang/crates.io-index"
checksum = "f877be4f7c9f246b183111634f75baa039715e3f46ce860677d3b19a69fb229c"
dependencies = [
 "quote",
 "syn 1.0.91",
]

[[package]]
name = "diff"
version = "0.1.13"
source = "registry+https://github.com/rust-lang/crates.io-index"
checksum = "56254986775e3233ffa9c4d7d3faaf6d36a2c09d30b20687e9f88bc8bafc16c8"

[[package]]
name = "either"
version = "1.6.1"
source = "registry+https://github.com/rust-lang/crates.io-index"
checksum = "e78d4f1cc4ae33bbfc157ed5d5a5ef3bc29227303d595861deb238fcec4e9457"

[[package]]
name = "equivalent"
version = "1.0.2"
source = "registry+https://github.com/rust-lang/crates.io-index"
checksum = "877a4ace8713b0bcf2a4e7eec82529c029f1d0619886d18145fea96c3ffe5c0f"

[[package]]
name = "fallible-iterator"
version = "0.3.0"
source = "registry+https://github.com/rust-lang/crates.io-index"
checksum = "2acce4a10f12dc2fb14a218589d4f1f62ef011b2d0cc4b3cb1bba8e94da14649"

[[package]]
name = "getrandom"
version = "0.2.6"
source = "registry+https://github.com/rust-lang/crates.io-index"
checksum = "9be70c98951c83b8d2f8f60d7065fa6d5146873094452a1008da8c2f1e4205ad"
dependencies = [
 "cfg-if",
 "libc",
 "wasi",
]

[[package]]
name = "gimli"
version = "0.31.1"
source = "registry+https://github.com/rust-lang/crates.io-index"
checksum = "07e28edb80900c19c28f1072f2e8aeca7fa06b23cd4169cefe1af5aa3260783f"
dependencies = [
 "fallible-iterator",
 "indexmap 2.9.0",
 "stable_deref_trait",
]

[[package]]
name = "hashbrown"
version = "0.11.2"
source = "registry+https://github.com/rust-lang/crates.io-index"
checksum = "ab5ef0d4909ef3724cc8cce6ccc8572c5c817592e9285f5464f8e86f8bd3726e"

[[package]]
name = "hashbrown"
version = "0.15.2"
source = "registry+https://github.com/rust-lang/crates.io-index"
checksum = "bf151400ff0baff5465007dd2f3e717f3fe502074ca563069ce3a6629d07b289"

[[package]]
name = "heck"
version = "0.4.0"
source = "registry+https://github.com/rust-lang/crates.io-index"
checksum = "2540771e65fc8cb83cd6e8a237f70c319bd5c29f78ed1084ba5d50eeac86f7f9"

[[package]]
name = "hermit-abi"
version = "0.1.19"
source = "registry+https://github.com/rust-lang/crates.io-index"
checksum = "62b467343b94ba476dcb2500d242dadbb39557df889310ac77c5d99100aaac33"
dependencies = [
 "libc",
]

[[package]]
name = "indexmap"
version = "1.8.1"
source = "registry+https://github.com/rust-lang/crates.io-index"
checksum = "0f647032dfaa1f8b6dc29bd3edb7bbef4861b8b8007ebb118d6db284fd59f6ee"
dependencies = [
 "autocfg",
 "hashbrown 0.11.2",
]

[[package]]
name = "indexmap"
version = "2.9.0"
source = "registry+https://github.com/rust-lang/crates.io-index"
checksum = "cea70ddb795996207ad57735b50c5982d8844f38ba9ee5f1aedcfb708a2aa11e"
dependencies = [
 "equivalent",
 "hashbrown 0.15.2",
]

[[package]]
name = "itertools"
version = "0.10.3"
source = "registry+https://github.com/rust-lang/crates.io-index"
checksum = "a9a9d19fa1e79b6215ff29b9d6880b706147f16e9b1dbb1e4e5947b5b02bc5e3"
dependencies = [
 "either",
]

[[package]]
name = "itoa"
version = "1.0.1"
source = "registry+https://github.com/rust-lang/crates.io-index"
checksum = "1aab8fc367588b89dcee83ab0fd66b72b50b72fa1904d7095045ace2b0c81c35"

[[package]]
name = "lazy_static"
version = "1.4.0"
source = "registry+https://github.com/rust-lang/crates.io-index"
checksum = "e2abad23fbc42b3700f2f279844dc832adb2b2eb069b2df918f455c4e18cc646"

[[package]]
name = "libc"
version = "0.2.172"
source = "registry+https://github.com/rust-lang/crates.io-index"
checksum = "d750af042f7ef4f724306de029d18836c26c1765a54a6a3f094cbd23a7267ffa"

[[package]]
name = "log"
version = "0.4.27"
source = "registry+https://github.com/rust-lang/crates.io-index"
checksum = "13dc2df351e3202783a1fe0d44375f7295ffb4049267b0f3018346dc122a1d94"

[[package]]
name = "mach2"
version = "0.4.2"
source = "registry+https://github.com/rust-lang/crates.io-index"
checksum = "19b955cdeb2a02b9117f121ce63aa52d08ade45de53e48fe6a38b39c10f6f709"
dependencies = [
 "libc",
]

[[package]]
name = "memchr"
version = "2.4.1"
source = "registry+https://github.com/rust-lang/crates.io-index"
checksum = "308cc39be01b73d0d18f82a0e7b2a3df85245f84af96fdddc5d202d27e47b86a"

[[package]]
name = "memoffset"
version = "0.6.5"
source = "registry+https://github.com/rust-lang/crates.io-index"
checksum = "5aa361d4faea93603064a027415f07bd8e1d5c88c9fbf68bf56a285428fd79ce"
dependencies = [
 "autocfg",
]

[[package]]
name = "num_cpus"
version = "1.13.1"
source = "registry+https://github.com/rust-lang/crates.io-index"
checksum = "19e64526ebdee182341572e50e9ad03965aa510cd94427a4549448f285e957a1"
dependencies = [
 "hermit-abi",
 "libc",
]

[[package]]
name = "os_str_bytes"
version = "6.0.0"
source = "registry+https://github.com/rust-lang/crates.io-index"
checksum = "8e22443d1643a904602595ba1cd8f7d896afe56d26712531c5ff73a15b2fbf64"
dependencies = [
 "memchr",
]

[[package]]
name = "output_vt100"
version = "0.1.3"
source = "registry+https://github.com/rust-lang/crates.io-index"
checksum = "628223faebab4e3e40667ee0b2336d34a5b960ff60ea743ddfdbcf7770bcfb66"
dependencies = [
 "winapi",
]

[[package]]
name = "ppv-lite86"
version = "0.2.16"
source = "registry+https://github.com/rust-lang/crates.io-index"
checksum = "eb9f9e6e233e5c4a35559a617bf40a4ec447db2e84c20b55a6f83167b7e57872"

[[package]]
name = "pretty_assertions"
version = "1.2.1"
source = "registry+https://github.com/rust-lang/crates.io-index"
checksum = "c89f989ac94207d048d92db058e4f6ec7342b0971fc58d1271ca148b799b3563"
dependencies = [
 "ansi_term",
 "ctor",
 "diff",
 "output_vt100",
]

[[package]]
name = "proc-macro-error"
version = "1.0.4"
source = "registry+https://github.com/rust-lang/crates.io-index"
checksum = "da25490ff9892aab3fcf7c36f08cfb902dd3e71ca0f9f9517bea02a73a5ce38c"
dependencies = [
 "proc-macro-error-attr",
 "proc-macro2",
 "quote",
 "syn 1.0.91",
 "version_check",
]

[[package]]
name = "proc-macro-error-attr"
version = "1.0.4"
source = "registry+https://github.com/rust-lang/crates.io-index"
checksum = "a1be40180e52ecc98ad80b184934baf3d0d29f979574e439af5a55274b35f869"
dependencies = [
 "proc-macro2",
 "quote",
 "version_check",
]

[[package]]
name = "proc-macro2"
version = "1.0.94"
source = "registry+https://github.com/rust-lang/crates.io-index"
checksum = "a31971752e70b8b2686d7e46ec17fb38dad4051d94024c88df49b667caea9c84"
dependencies = [
 "unicode-ident",
]

[[package]]
name = "quote"
version = "1.0.40"
source = "registry+https://github.com/rust-lang/crates.io-index"
checksum = "1885c039570dc00dcb4ff087a89e185fd56bae234ddc7f056a945bf36467248d"
dependencies = [
 "proc-macro2",
]

[[package]]
name = "rand"
version = "0.8.5"
source = "registry+https://github.com/rust-lang/crates.io-index"
checksum = "34af8d1a0e25924bc5b7c43c079c942339d8f0a8b57c39049bef581b46327404"
dependencies = [
 "libc",
 "rand_chacha",
 "rand_core",
]

[[package]]
name = "rand_chacha"
version = "0.3.1"
source = "registry+https://github.com/rust-lang/crates.io-index"
checksum = "e6c10a63a0fa32252be49d21e7709d4d4baf8d231c2dbce1eaa8141b9b127d88"
dependencies = [
 "ppv-lite86",
 "rand_core",
]

[[package]]
name = "rand_core"
version = "0.6.3"
source = "registry+https://github.com/rust-lang/crates.io-index"
checksum = "d34f1408f55294453790c48b2f1ebbb1c5b4b7563eb1f418bcfcfdbb06ebb4e7"
dependencies = [
 "getrandom",
]

[[package]]
name = "rayon"
version = "1.5.3"
source = "registry+https://github.com/rust-lang/crates.io-index"
checksum = "bd99e5772ead8baa5215278c9b15bf92087709e9c1b2d1f97cdb5a183c933a7d"
dependencies = [
 "autocfg",
 "crossbeam-deque",
 "either",
 "rayon-core",
]

[[package]]
name = "rayon-core"
version = "1.9.3"
source = "registry+https://github.com/rust-lang/crates.io-index"
checksum = "258bcdb5ac6dad48491bb2992db6b7cf74878b0384908af124823d118c99683f"
dependencies = [
 "crossbeam-channel",
 "crossbeam-deque",
 "crossbeam-utils",
 "num_cpus",
]

[[package]]
name = "regalloc2"
version = "0.11.1"
source = "registry+https://github.com/rust-lang/crates.io-index"
checksum = "145c1c267e14f20fb0f88aa76a1c5ffec42d592c1d28b3cd9148ae35916158d3"
dependencies = [
 "allocator-api2",
 "bumpalo",
 "hashbrown 0.15.2",
 "log",
 "rustc-hash",
 "smallvec",
]

[[package]]
name = "region"
version = "3.0.2"
source = "registry+https://github.com/rust-lang/crates.io-index"
checksum = "e6b6ebd13bc009aef9cd476c1310d49ac354d36e240cf1bd753290f3dc7199a7"
dependencies = [
 "bitflags",
 "libc",
 "mach2",
 "windows-sys 0.52.0",
]

[[package]]
name = "rustc-hash"
version = "2.1.1"
source = "registry+https://github.com/rust-lang/crates.io-index"
checksum = "357703d41365b4b27c590e3ed91eabb1b663f07c4c084095e60cbed4362dff0d"

[[package]]
name = "ryu"
version = "1.0.9"
source = "registry+https://github.com/rust-lang/crates.io-index"
checksum = "73b4b750c782965c211b42f022f59af1fbceabdd026623714f104152f1ec149f"

[[package]]
name = "scopeguard"
version = "1.1.0"
source = "registry+https://github.com/rust-lang/crates.io-index"
checksum = "d29ab0c6d3fc0ee92fe66e2d99f700eab17a8d57d1c1d3b748380fb20baa78cd"

[[package]]
name = "serde"
version = "1.0.219"
source = "registry+https://github.com/rust-lang/crates.io-index"
checksum = "5f0e2c6ed6606019b4e29e69dbaba95b11854410e5347d525002456dbbb786b6"
dependencies = [
 "serde_derive",
]

[[package]]
name = "serde_derive"
version = "1.0.219"
source = "registry+https://github.com/rust-lang/crates.io-index"
checksum = "5b0276cf7f2c73365f7157c8123c21cd9a50fbbd844757af28ca1f5925fc2a00"
dependencies = [
 "proc-macro2",
 "quote",
 "syn 2.0.100",
]

[[package]]
name = "serde_json"
version = "1.0.79"
source = "registry+https://github.com/rust-lang/crates.io-index"
checksum = "8e8d9fa5c3b304765ce1fd9c4c8a3de2c8db365a5b91be52f186efc675681d95"
dependencies = [
 "itoa",
 "ryu",
 "serde",
]

[[package]]
name = "smallvec"
version = "1.14.0"
source = "registry+https://github.com/rust-lang/crates.io-index"
checksum = "7fcf8323ef1faaee30a44a340193b1ac6814fd9b7b4e88e9d4519a3e4abe1cfd"

[[package]]
name = "stable_deref_trait"
version = "1.2.0"
source = "registry+https://github.com/rust-lang/crates.io-index"
checksum = "a8f112729512f8e442d81f95a8a7ddf2b7c6b8a1a6f509a95864142b30cab2d3"

[[package]]
name = "strsim"
version = "0.10.0"
source = "registry+https://github.com/rust-lang/crates.io-index"
checksum = "73473c0e59e6d5812c5dfe2a064a6444949f089e20eec9a2e5506596494e4623"

[[package]]
name = "syn"
version = "1.0.91"
source = "registry+https://github.com/rust-lang/crates.io-index"
checksum = "b683b2b825c8eef438b77c36a06dc262294da3d5a5813fac20da149241dcd44d"
dependencies = [
 "proc-macro2",
 "quote",
 "unicode-xid",
]

[[package]]
name = "syn"
version = "2.0.100"
source = "registry+https://github.com/rust-lang/crates.io-index"
checksum = "b09a44accad81e1ba1cd74a32461ba89dee89095ba17b32f5d03683b1b1fc2a0"
dependencies = [
 "proc-macro2",
 "quote",
 "unicode-ident",
]

[[package]]
name = "target-lexicon"
version = "0.13.2"
source = "registry+https://github.com/rust-lang/crates.io-index"
checksum = "e502f78cdbb8ba4718f566c418c52bc729126ffd16baee5baa718cf25dd5a69a"

[[package]]
name = "termcolor"
version = "1.1.3"
source = "registry+https://github.com/rust-lang/crates.io-index"
checksum = "bab24d30b911b2376f3a13cc2cd443142f0c81dda04c118693e35b3835757755"
dependencies = [
 "winapi-util",
]

[[package]]
name = "textwrap"
version = "0.15.0"
source = "registry+https://github.com/rust-lang/crates.io-index"
checksum = "b1141d4d61095b28419e22cb0bbf02755f5e54e0526f97f1e3d1d160e60885fb"

[[package]]
name = "unicode-ident"
version = "1.0.18"
source = "registry+https://github.com/rust-lang/crates.io-index"
checksum = "5a5f39404a5da50712a4c1eecf25e90dd62b613502b7e925fd4e4d19b5c96512"

[[package]]
name = "unicode-xid"
version = "0.2.2"
source = "registry+https://github.com/rust-lang/crates.io-index"
checksum = "8ccb82d61f80a663efe1f787a51b16b5a51e3314d6ac365b08639f52387b33f3"

[[package]]
name = "version_check"
version = "0.9.4"
source = "registry+https://github.com/rust-lang/crates.io-index"
checksum = "49874b5167b65d7193b8aba1567f5c7d93d001cafc34600cee003eda787e483f"

[[package]]
name = "wasi"
version = "0.10.2+wasi-snapshot-preview1"
source = "registry+https://github.com/rust-lang/crates.io-index"
checksum = "fd6fbd9a79829dd1ad0cc20627bf1ed606756a7f77edff7b66b7064f9cb327c6"

[[package]]
name = "wasmtime-jit-icache-coherence"
version = "30.0.2"
source = "registry+https://github.com/rust-lang/crates.io-index"
checksum = "3f180cc0d2745e3a5df5d02231cd3046f49c75512eaa987b8202363b112e125d"
dependencies = [
 "anyhow",
 "cfg-if",
 "libc",
 "windows-sys 0.59.0",
]

[[package]]
name = "winapi"
version = "0.3.9"
source = "registry+https://github.com/rust-lang/crates.io-index"
checksum = "5c839a674fcd7a98952e593242ea400abe93992746761e38641405d28b00f419"
dependencies = [
 "winapi-i686-pc-windows-gnu",
 "winapi-x86_64-pc-windows-gnu",
]

[[package]]
name = "winapi-i686-pc-windows-gnu"
version = "0.4.0"
source = "registry+https://github.com/rust-lang/crates.io-index"
checksum = "ac3b87c63620426dd9b991e5ce0329eff545bccbbb34f3be09ff6fb6ab51b7b6"

[[package]]
name = "winapi-util"
version = "0.1.5"
source = "registry+https://github.com/rust-lang/crates.io-index"
checksum = "70ec6ce85bb158151cae5e5c87f95a8e97d2c0c4b001223f33a334e3ce5de178"
dependencies = [
 "winapi",
]

[[package]]
name = "winapi-x86_64-pc-windows-gnu"
version = "0.4.0"
source = "registry+https://github.com/rust-lang/crates.io-index"
checksum = "712e227841d057c1ee1cd2fb22fa7e5a5461ae8e48fa2ca79ec42cfc1931183f"

[[package]]
name = "windows-sys"
version = "0.52.0"
source = "registry+https://github.com/rust-lang/crates.io-index"
checksum = "282be5f36a8ce781fad8c8ae18fa3f9beff57ec1b52cb3de0789201425d9a33d"
dependencies = [
 "windows-targets",
]

[[package]]
name = "windows-sys"
version = "0.59.0"
source = "registry+https://github.com/rust-lang/crates.io-index"
checksum = "1e38bc4d79ed67fd075bcc251a1c39b32a1776bbe92e5bef1f0bf1f8c531853b"
dependencies = [
 "windows-targets",
]

[[package]]
name = "windows-targets"
version = "0.52.6"
source = "registry+https://github.com/rust-lang/crates.io-index"
checksum = "9b724f72796e036ab90c1021d4780d4d3d648aca59e491e6b98e725b84e99973"
dependencies = [
 "windows_aarch64_gnullvm",
 "windows_aarch64_msvc",
 "windows_i686_gnu",
 "windows_i686_gnullvm",
 "windows_i686_msvc",
 "windows_x86_64_gnu",
 "windows_x86_64_gnullvm",
 "windows_x86_64_msvc",
]

[[package]]
name = "windows_aarch64_gnullvm"
version = "0.52.6"
source = "registry+https://github.com/rust-lang/crates.io-index"
checksum = "32a4622180e7a0ec044bb555404c800bc9fd9ec262ec147edd5989ccd0c02cd3"

[[package]]
name = "windows_aarch64_msvc"
version = "0.52.6"
source = "registry+https://github.com/rust-lang/crates.io-index"
checksum = "09ec2a7bb152e2252b53fa7803150007879548bc709c039df7627cabbd05d469"

[[package]]
name = "windows_i686_gnu"
version = "0.52.6"
source = "registry+https://github.com/rust-lang/crates.io-index"
checksum = "8e9b5ad5ab802e97eb8e295ac6720e509ee4c243f69d781394014ebfe8bbfa0b"

[[package]]
name = "windows_i686_gnullvm"
version = "0.52.6"
source = "registry+https://github.com/rust-lang/crates.io-index"
checksum = "0eee52d38c090b3caa76c563b86c3a4bd71ef1a819287c19d586d7334ae8ed66"

[[package]]
name = "windows_i686_msvc"
version = "0.52.6"
source = "registry+https://github.com/rust-lang/crates.io-index"
checksum = "240948bc05c5e7c6dabba28bf89d89ffce3e303022809e73deaefe4f6ec56c66"

[[package]]
name = "windows_x86_64_gnu"
version = "0.52.6"
source = "registry+https://github.com/rust-lang/crates.io-index"
checksum = "147a5c80aabfbf0c7d901cb5895d1de30ef2907eb21fbbab29ca94c5b08b1a78"

[[package]]
name = "windows_x86_64_gnullvm"
version = "0.52.6"
source = "registry+https://github.com/rust-lang/crates.io-index"
checksum = "24d5b23dc417412679681396f2b49f3de8c1473deb516bd34410872eff51ed0d"

[[package]]
name = "windows_x86_64_msvc"
version = "0.52.6"
source = "registry+https://github.com/rust-lang/crates.io-index"
checksum = "589f6da84c646204747d1270a2a5661ea66ed1cced2631d546fdfb155959f9ec"
